
Microsoft Visual Studio Solution File, Format Version 12.00
# Visual Studio Version 17
VisualStudioVersion = 17.1.32328.378
MinimumVisualStudioVersion = 10.0.40219.1
Project("{FAE04EC0-301F-11D3-BF4B-00C04F79EFBC}") = "Практическая номер 7", "Практическая номер 7\Практическая номер 7.csproj", "{28B57D91-81EE-4FE1-B098-8E075AC2FAD2}"
EndProject
Global
	GlobalSection(SolutionConfigurationPlatforms) = preSolution
		Debug|Any CPU = Debug|Any CPU
		Release|Any CPU = Release|Any CPU
	EndGlobalSection
	GlobalSection(ProjectConfigurationPlatforms) = postSolution
		{28B57D91-81EE-4FE1-B098-8E075AC2FAD2}.Debug|Any CPU.ActiveCfg = Debug|Any CPU
		{28B57D91-81EE-4FE1-B098-8E075AC2FAD2}.Debug|Any CPU.Build.0 = Debug|Any CPU
		{28B57D91-81EE-4FE1-B098-8E075AC2FAD2}.Release|Any CPU.ActiveCfg = Release|Any CPU
		{28B57D91-81EE-4FE1-B098-8E075AC2FAD2}.Release|Any CPU.Build.0 = Release|Any CPU
	EndGlobalSection
	GlobalSection(SolutionProperties) = preSolution
		HideSolutionNode = FALSE
	EndGlobalSection
	GlobalSection(ExtensibilityGlobals) = postSolution
		SolutionGuid = {619F7E15-043D-4FBD-BB3D-7FD2263CD8B4}
	EndGlobalSection
EndGlobal
